
Microsoft Visual Studio Solution File, Format Version 12.00
# Visual Studio Version 17
VisualStudioVersion = 17.7.34024.191
MinimumVisualStudioVersion = 10.0.40219.1
Project("{FAE04EC0-301F-11D3-BF4B-00C04F79EFBC}") = "SortAlgorithmen.ConApp", "SortAlgorithmen.ConApp\SortAlgorithmen.ConApp.csproj", "{7CA046A8-FA3A-44F4-9EA0-41E0BDBEC419}"
EndProject
Global
	GlobalSection(SolutionConfigurationPlatforms) = preSolution
		Debug|Any CPU = Debug|Any CPU
		Release|Any CPU = Release|Any CPU
	EndGlobalSection
	GlobalSection(ProjectConfigurationPlatforms) = postSolution
		{7CA046A8-FA3A-44F4-9EA0-41E0BDBEC419}.Debug|Any CPU.ActiveCfg = Debug|Any CPU
		{7CA046A8-FA3A-44F4-9EA0-41E0BDBEC419}.Debug|Any CPU.Build.0 = Debug|Any CPU
		{7CA046A8-FA3A-44F4-9EA0-41E0BDBEC419}.Release|Any CPU.ActiveCfg = Release|Any CPU
		{7CA046A8-FA3A-44F4-9EA0-41E0BDBEC419}.Release|Any CPU.Build.0 = Release|Any CPU
	EndGlobalSection
	GlobalSection(SolutionProperties) = preSolution
		HideSolutionNode = FALSE
	EndGlobalSection
	GlobalSection(ExtensibilityGlobals) = postSolution
		SolutionGuid = {1E1683D8-12E3-4D02-AD50-E02F2502622E}
	EndGlobalSection
EndGlobal
